// !$*UTF8*$!
{
	archiveVersion = 1;
	classes = {
	};
	objectVersion = 46;
	objects = {

/* Begin PBXBuildFile section */
		607FACD61AFB9204008FA782 /* AppDelegate.swift in Sources */ = {isa = PBXBuildFile; fileRef = 607FACD51AFB9204008FA782 /* AppDelegate.swift */; };
		607FACDB1AFB9204008FA782 /* Main.storyboard in Resources */ = {isa = PBXBuildFile; fileRef = 607FACD91AFB9204008FA782 /* Main.storyboard */; };
		607FACDD1AFB9204008FA782 /* Images.xcassets in Resources */ = {isa = PBXBuildFile; fileRef = 607FACDC1AFB9204008FA782 /* Images.xcassets */; };
		607FACE01AFB9204008FA782 /* LaunchScreen.xib in Resources */ = {isa = PBXBuildFile; fileRef = 607FACDE1AFB9204008FA782 /* LaunchScreen.xib */; };
		607FACEC1AFB9204008FA782 /* Tests.swift in Sources */ = {isa = PBXBuildFile; fileRef = 607FACEB1AFB9204008FA782 /* Tests.swift */; };
		60F0CC3BE561CA5792E3C85B /* Pods_JKSwiftRefresh_Example.framework in Frameworks */ = {isa = PBXBuildFile; fileRef = 181CB2A5C3FC847580423389 /* Pods_JKSwiftRefresh_Example.framework */; };
		84179B112594610500DF52A8 /* JKRefreshBackGifFooterViewController.swift in Sources */ = {isa = PBXBuildFile; fileRef = 84179B102594610500DF52A8 /* JKRefreshBackGifFooterViewController.swift */; };
		84179B15259465C600DF52A8 /* JKRefreshGifHeader.swift in Sources */ = {isa = PBXBuildFile; fileRef = 84179B14259465C600DF52A8 /* JKRefreshGifHeader.swift */; };
		84179B1F25946A5D00DF52A8 /* JKRefreshNormalHeader.swift in Sources */ = {isa = PBXBuildFile; fileRef = 84179B1E25946A5D00DF52A8 /* JKRefreshNormalHeader.swift */; };
		84179B2525946CE400DF52A8 /* JKRefreshAutoGifFooter.swift in Sources */ = {isa = PBXBuildFile; fileRef = 84179B2425946CE400DF52A8 /* JKRefreshAutoGifFooter.swift */; };
		84179B2F2594789500DF52A8 /* JKHeaderAndFooterViewController.swift in Sources */ = {isa = PBXBuildFile; fileRef = 84179B2E2594789500DF52A8 /* JKHeaderAndFooterViewController.swift */; };
		843CDA12259350A6002CA21B /* JKRefreshHeaderViewController.swift in Sources */ = {isa = PBXBuildFile; fileRef = 843CDA11259350A6002CA21B /* JKRefreshHeaderViewController.swift */; };
		843CDA16259351EF002CA21B /* JKRefreshHeader.swift in Sources */ = {isa = PBXBuildFile; fileRef = 843CDA15259351EF002CA21B /* JKRefreshHeader.swift */; };
		843CDA1A25935C80002CA21B /* ViewController6.swift in Sources */ = {isa = PBXBuildFile; fileRef = 843CDA1925935C7F002CA21B /* ViewController6.swift */; };
		843CDA1E25935F85002CA21B /* ViewController7.swift in Sources */ = {isa = PBXBuildFile; fileRef = 843CDA1D25935F85002CA21B /* ViewController7.swift */; };
		843CDA2225936013002CA21B /* JKRefreshAutoGifFooterViewController.swift in Sources */ = {isa = PBXBuildFile; fileRef = 843CDA2125936013002CA21B /* JKRefreshAutoGifFooterViewController.swift */; };
		8466B90D259311EE001C4EED /* BaseViewController.swift in Sources */ = {isa = PBXBuildFile; fileRef = 8466B90B259311EE001C4EED /* BaseViewController.swift */; };
		8466B90E259311EE001C4EED /* BaseNavigationViewController.swift in Sources */ = {isa = PBXBuildFile; fileRef = 8466B90C259311EE001C4EED /* BaseNavigationViewController.swift */; };
		8466B91725931244001C4EED /* ViewController.swift in Sources */ = {isa = PBXBuildFile; fileRef = 8466B91625931244001C4EED /* ViewController.swift */; };
		8466B93F25931F14001C4EED /* refresh.png in Resources */ = {isa = PBXBuildFile; fileRef = 8466B93E25931F14001C4EED /* refresh.png */; };
		8466B943259324D1001C4EED /* ViewController1.swift in Sources */ = {isa = PBXBuildFile; fileRef = 8466B942259324D1001C4EED /* ViewController1.swift */; };
		8466B947259325A0001C4EED /* BaseSingleViewController.swift in Sources */ = {isa = PBXBuildFile; fileRef = 8466B946259325A0001C4EED /* BaseSingleViewController.swift */; };
		8466B94B25932CC3001C4EED /* ViewController2.swift in Sources */ = {isa = PBXBuildFile; fileRef = 8466B94A25932CC3001C4EED /* ViewController2.swift */; };
		8466B94F25932EA2001C4EED /* JKRefreshNormalHeaderViewController.swift in Sources */ = {isa = PBXBuildFile; fileRef = 8466B94E25932EA2001C4EED /* JKRefreshNormalHeaderViewController.swift */; };
		8466B954259337C2001C4EED /* JKRefreshGifHeaderViewController.swift in Sources */ = {isa = PBXBuildFile; fileRef = 8466B953259337C2001C4EED /* JKRefreshGifHeaderViewController.swift */; };
		847C73AC25942E13009F4AE0 /* JKRefreshAutoFooter.swift in Sources */ = {isa = PBXBuildFile; fileRef = 847C73AB25942E13009F4AE0 /* JKRefreshAutoFooter.swift */; };
		847C73B42594308C009F4AE0 /* JKRefreshBackGifFooter.swift in Sources */ = {isa = PBXBuildFile; fileRef = 847C73B32594308C009F4AE0 /* JKRefreshBackGifFooter.swift */; };
		847C73B825943220009F4AE0 /* JKRefreshAutoFooterViewController.swift in Sources */ = {isa = PBXBuildFile; fileRef = 847C73B725943220009F4AE0 /* JKRefreshAutoFooterViewController.swift */; };
		847C73BC259434F6009F4AE0 /* JKRefreshBackFooterViewController.swift in Sources */ = {isa = PBXBuildFile; fileRef = 847C73BB259434F6009F4AE0 /* JKRefreshBackFooterViewController.swift */; };
		847C73C0259435BA009F4AE0 /* JKRefreshBackFooter.swift in Sources */ = {isa = PBXBuildFile; fileRef = 847C73BF259435BA009F4AE0 /* JKRefreshBackFooter.swift */; };
		B2AE7CD4D98E9C867BB5DEF1 /* Pods_JKSwiftRefresh_Tests.framework in Frameworks */ = {isa = PBXBuildFile; fileRef = 3CF304497D8A47732EBA098E /* Pods_JKSwiftRefresh_Tests.framework */; };
/* End PBXBuildFile section */

/* Begin PBXContainerItemProxy section */
		607FACE61AFB9204008FA782 /* PBXContainerItemProxy */ = {
			isa = PBXContainerItemProxy;
			containerPortal = 607FACC81AFB9204008FA782 /* Project object */;
			proxyType = 1;
			remoteGlobalIDString = 607FACCF1AFB9204008FA782;
			remoteInfo = JKSwiftRefresh;
		};
/* End PBXContainerItemProxy section */

/* Begin PBXFileReference section */
		059A3019435210619DDC7B0D /* Pods-JKSwiftRefresh_Example.release.xcconfig */ = {isa = PBXFileReference; includeInIndex = 1; lastKnownFileType = text.xcconfig; name = "Pods-JKSwiftRefresh_Example.release.xcconfig"; path = "Target Support Files/Pods-JKSwiftRefresh_Example/Pods-JKSwiftRefresh_Example.release.xcconfig"; sourceTree = "<group>"; };
		181CB2A5C3FC847580423389 /* Pods_JKSwiftRefresh_Example.framework */ = {isa = PBXFileReference; explicitFileType = wrapper.framework; includeInIndex = 0; path = Pods_JKSwiftRefresh_Example.framework; sourceTree = BUILT_PRODUCTS_DIR; };
		3CF304497D8A47732EBA098E /* Pods_JKSwiftRefresh_Tests.framework */ = {isa = PBXFileReference; explicitFileType = wrapper.framework; includeInIndex = 0; path = Pods_JKSwiftRefresh_Tests.framework; sourceTree = BUILT_PRODUCTS_DIR; };
		403282D68AB0E0494816DB22 /* Pods-JKSwiftRefresh_Tests.release.xcconfig */ = {isa = PBXFileReference; includeInIndex = 1; lastKnownFileType = text.xcconfig; name = "Pods-JKSwiftRefresh_Tests.release.xcconfig"; path = "Target Support Files/Pods-JKSwiftRefresh_Tests/Pods-JKSwiftRefresh_Tests.release.xcconfig"; sourceTree = "<group>"; };
		515CA44FDB7943C8EBBDDBC6 /* Pods-JKSwiftRefresh_Tests.debug.xcconfig */ = {isa = PBXFileReference; includeInIndex = 1; lastKnownFileType = text.xcconfig; name = "Pods-JKSwiftRefresh_Tests.debug.xcconfig"; path = "Target Support Files/Pods-JKSwiftRefresh_Tests/Pods-JKSwiftRefresh_Tests.debug.xcconfig"; sourceTree = "<group>"; };
		607FACD01AFB9204008FA782 /* JKSwiftRefresh_Example.app */ = {isa = PBXFileReference; explicitFileType = wrapper.application; includeInIndex = 0; path = JKSwiftRefresh_Example.app; sourceTree = BUILT_PRODUCTS_DIR; };
		607FACD41AFB9204008FA782 /* Info.plist */ = {isa = PBXFileReference; lastKnownFileType = text.plist.xml; path = Info.plist; sourceTree = "<group>"; };
		607FACD51AFB9204008FA782 /* AppDelegate.swift */ = {isa = PBXFileReference; lastKnownFileType = sourcecode.swift; path = AppDelegate.swift; sourceTree = "<group>"; };
		607FACDA1AFB9204008FA782 /* Base */ = {isa = PBXFileReference; lastKnownFileType = file.storyboard; name = Base; path = Base.lproj/Main.storyboard; sourceTree = "<group>"; };
		607FACDC1AFB9204008FA782 /* Images.xcassets */ = {isa = PBXFileReference; lastKnownFileType = folder.assetcatalog; path = Images.xcassets; sourceTree = "<group>"; };
		607FACDF1AFB9204008FA782 /* Base */ = {isa = PBXFileReference; lastKnownFileType = file.xib; name = Base; path = Base.lproj/LaunchScreen.xib; sourceTree = "<group>"; };
		607FACE51AFB9204008FA782 /* JKSwiftRefresh_Tests.xctest */ = {isa = PBXFileReference; explicitFileType = wrapper.cfbundle; includeInIndex = 0; path = JKSwiftRefresh_Tests.xctest; sourceTree = BUILT_PRODUCTS_DIR; };
		607FACEA1AFB9204008FA782 /* Info.plist */ = {isa = PBXFileReference; lastKnownFileType = text.plist.xml; path = Info.plist; sourceTree = "<group>"; };
		607FACEB1AFB9204008FA782 /* Tests.swift */ = {isa = PBXFileReference; lastKnownFileType = sourcecode.swift; path = Tests.swift; sourceTree = "<group>"; };
		7222078FD10DA6EBB3FB532C /* LICENSE */ = {isa = PBXFileReference; includeInIndex = 1; lastKnownFileType = text; name = LICENSE; path = ../LICENSE; sourceTree = "<group>"; };
		7A17C400E1919F666076E000 /* README.md */ = {isa = PBXFileReference; includeInIndex = 1; lastKnownFileType = net.daringfireball.markdown; name = README.md; path = ../README.md; sourceTree = "<group>"; };
		84179B102594610500DF52A8 /* JKRefreshBackGifFooterViewController.swift */ = {isa = PBXFileReference; lastKnownFileType = sourcecode.swift; path = JKRefreshBackGifFooterViewController.swift; sourceTree = "<group>"; };
		84179B14259465C600DF52A8 /* JKRefreshGifHeader.swift */ = {isa = PBXFileReference; lastKnownFileType = sourcecode.swift; path = JKRefreshGifHeader.swift; sourceTree = "<group>"; };
		84179B1E25946A5D00DF52A8 /* JKRefreshNormalHeader.swift */ = {isa = PBXFileReference; lastKnownFileType = sourcecode.swift; path = JKRefreshNormalHeader.swift; sourceTree = "<group>"; };
		84179B2425946CE400DF52A8 /* JKRefreshAutoGifFooter.swift */ = {isa = PBXFileReference; lastKnownFileType = sourcecode.swift; path = JKRefreshAutoGifFooter.swift; sourceTree = "<group>"; };
		84179B2E2594789500DF52A8 /* JKHeaderAndFooterViewController.swift */ = {isa = PBXFileReference; lastKnownFileType = sourcecode.swift; path = JKHeaderAndFooterViewController.swift; sourceTree = "<group>"; };
		843CDA11259350A6002CA21B /* JKRefreshHeaderViewController.swift */ = {isa = PBXFileReference; lastKnownFileType = sourcecode.swift; path = JKRefreshHeaderViewController.swift; sourceTree = "<group>"; };
		843CDA15259351EF002CA21B /* JKRefreshHeader.swift */ = {isa = PBXFileReference; lastKnownFileType = sourcecode.swift; path = JKRefreshHeader.swift; sourceTree = "<group>"; };
		843CDA1925935C7F002CA21B /* ViewController6.swift */ = {isa = PBXFileReference; lastKnownFileType = sourcecode.swift; path = ViewController6.swift; sourceTree = "<group>"; };
		843CDA1D25935F85002CA21B /* ViewController7.swift */ = {isa = PBXFileReference; lastKnownFileType = sourcecode.swift; path = ViewController7.swift; sourceTree = "<group>"; };
		843CDA2125936013002CA21B /* JKRefreshAutoGifFooterViewController.swift */ = {isa = PBXFileReference; lastKnownFileType = sourcecode.swift; path = JKRefreshAutoGifFooterViewController.swift; sourceTree = "<group>"; };
		8466B8F6259311C3001C4EED /* JKSwiftRefresh_Example-Bridging-Header.h */ = {isa = PBXFileReference; lastKnownFileType = sourcecode.c.h; path = "JKSwiftRefresh_Example-Bridging-Header.h"; sourceTree = "<group>"; };
		8466B90B259311EE001C4EED /* BaseViewController.swift */ = {isa = PBXFileReference; fileEncoding = 4; lastKnownFileType = sourcecode.swift; path = BaseViewController.swift; sourceTree = "<group>"; };
		8466B90C259311EE001C4EED /* BaseNavigationViewController.swift */ = {isa = PBXFileReference; fileEncoding = 4; lastKnownFileType = sourcecode.swift; path = BaseNavigationViewController.swift; sourceTree = "<group>"; };
		8466B91625931244001C4EED /* ViewController.swift */ = {isa = PBXFileReference; fileEncoding = 4; lastKnownFileType = sourcecode.swift; path = ViewController.swift; sourceTree = "<group>"; };
		8466B93E25931F14001C4EED /* refresh.png */ = {isa = PBXFileReference; lastKnownFileType = image.png; path = refresh.png; sourceTree = "<group>"; };
		8466B942259324D1001C4EED /* ViewController1.swift */ = {isa = PBXFileReference; lastKnownFileType = sourcecode.swift; path = ViewController1.swift; sourceTree = "<group>"; };
		8466B946259325A0001C4EED /* BaseSingleViewController.swift */ = {isa = PBXFileReference; lastKnownFileType = sourcecode.swift; path = BaseSingleViewController.swift; sourceTree = "<group>"; };
		8466B94A25932CC3001C4EED /* ViewController2.swift */ = {isa = PBXFileReference; lastKnownFileType = sourcecode.swift; path = ViewController2.swift; sourceTree = "<group>"; };
		8466B94E25932EA2001C4EED /* JKRefreshNormalHeaderViewController.swift */ = {isa = PBXFileReference; lastKnownFileType = sourcecode.swift; path = JKRefreshNormalHeaderViewController.swift; sourceTree = "<group>"; };
		8466B953259337C2001C4EED /* JKRefreshGifHeaderViewController.swift */ = {isa = PBXFileReference; lastKnownFileType = sourcecode.swift; path = JKRefreshGifHeaderViewController.swift; sourceTree = "<group>"; };
		847C73AB25942E13009F4AE0 /* JKRefreshAutoFooter.swift */ = {isa = PBXFileReference; lastKnownFileType = sourcecode.swift; path = JKRefreshAutoFooter.swift; sourceTree = "<group>"; };
		847C73B32594308C009F4AE0 /* JKRefreshBackGifFooter.swift */ = {isa = PBXFileReference; lastKnownFileType = sourcecode.swift; path = JKRefreshBackGifFooter.swift; sourceTree = "<group>"; };
		847C73B725943220009F4AE0 /* JKRefreshAutoFooterViewController.swift */ = {isa = PBXFileReference; lastKnownFileType = sourcecode.swift; path = JKRefreshAutoFooterViewController.swift; sourceTree = "<group>"; };
		847C73BB259434F6009F4AE0 /* JKRefreshBackFooterViewController.swift */ = {isa = PBXFileReference; lastKnownFileType = sourcecode.swift; path = JKRefreshBackFooterViewController.swift; sourceTree = "<group>"; };
		847C73BF259435BA009F4AE0 /* JKRefreshBackFooter.swift */ = {isa = PBXFileReference; lastKnownFileType = sourcecode.swift; path = JKRefreshBackFooter.swift; sourceTree = "<group>"; };
		8B11123556B9A09317B45EEA /* Pods-JKSwiftRefresh_Example.debug.xcconfig */ = {isa = PBXFileReference; includeInIndex = 1; lastKnownFileType = text.xcconfig; name = "Pods-JKSwiftRefresh_Example.debug.xcconfig"; path = "Target Support Files/Pods-JKSwiftRefresh_Example/Pods-JKSwiftRefresh_Example.debug.xcconfig"; sourceTree = "<group>"; };
		FC7EA7E51AB62E62AF190692 /* JKSwiftRefresh.podspec */ = {isa = PBXFileReference; includeInIndex = 1; lastKnownFileType = text; name = JKSwiftRefresh.podspec; path = ../JKSwiftRefresh.podspec; sourceTree = "<group>"; xcLanguageSpecificationIdentifier = xcode.lang.ruby; };
/* End PBXFileReference section */

/* Begin PBXFrameworksBuildPhase section */
		607FACCD1AFB9204008FA782 /* Frameworks */ = {
			isa = PBXFrameworksBuildPhase;
			buildActionMask = 2147483647;
			files = (
				60F0CC3BE561CA5792E3C85B /* Pods_JKSwiftRefresh_Example.framework in Frameworks */,
			);
			runOnlyForDeploymentPostprocessing = 0;
		};
		607FACE21AFB9204008FA782 /* Frameworks */ = {
			isa = PBXFrameworksBuildPhase;
			buildActionMask = 2147483647;
			files = (
				B2AE7CD4D98E9C867BB5DEF1 /* Pods_JKSwiftRefresh_Tests.framework in Frameworks */,
			);
			runOnlyForDeploymentPostprocessing = 0;
		};
/* End PBXFrameworksBuildPhase section */

/* Begin PBXGroup section */
		607FACC71AFB9204008FA782 = {
			isa = PBXGroup;
			children = (
				607FACF51AFB993E008FA782 /* Podspec Metadata */,
				607FACD21AFB9204008FA782 /* Example for JKSwiftRefresh */,
				607FACE81AFB9204008FA782 /* Tests */,
				607FACD11AFB9204008FA782 /* Products */,
				936A528CC3F3AD21E452A747 /* Pods */,
				BA1AE502300BCF1AA8E7FFC0 /* Frameworks */,
			);
			sourceTree = "<group>";
		};
		607FACD11AFB9204008FA782 /* Products */ = {
			isa = PBXGroup;
			children = (
				607FACD01AFB9204008FA782 /* JKSwiftRefresh_Example.app */,
				607FACE51AFB9204008FA782 /* JKSwiftRefresh_Tests.xctest */,
			);
			name = Products;
			sourceTree = "<group>";
		};
		607FACD21AFB9204008FA782 /* Example for JKSwiftRefresh */ = {
			isa = PBXGroup;
			children = (
				607FACD51AFB9204008FA782 /* AppDelegate.swift */,
				8466B91125931221001C4EED /* Home */,
				8466B90A259311ED001C4EED /* Base */,
				607FACD91AFB9204008FA782 /* Main.storyboard */,
				607FACDC1AFB9204008FA782 /* Images.xcassets */,
				607FACDE1AFB9204008FA782 /* LaunchScreen.xib */,
				607FACD31AFB9204008FA782 /* Supporting Files */,
			);
			name = "Example for JKSwiftRefresh";
			path = JKSwiftRefresh;
			sourceTree = "<group>";
		};
		607FACD31AFB9204008FA782 /* Supporting Files */ = {
			isa = PBXGroup;
			children = (
				8466B93E25931F14001C4EED /* refresh.png */,
				607FACD41AFB9204008FA782 /* Info.plist */,
				8466B8F6259311C3001C4EED /* JKSwiftRefresh_Example-Bridging-Header.h */,
			);
			name = "Supporting Files";
			sourceTree = "<group>";
		};
		607FACE81AFB9204008FA782 /* Tests */ = {
			isa = PBXGroup;
			children = (
				607FACEB1AFB9204008FA782 /* Tests.swift */,
				607FACE91AFB9204008FA782 /* Supporting Files */,
			);
			path = Tests;
			sourceTree = "<group>";
		};
		607FACE91AFB9204008FA782 /* Supporting Files */ = {
			isa = PBXGroup;
			children = (
				607FACEA1AFB9204008FA782 /* Info.plist */,
			);
			name = "Supporting Files";
			sourceTree = "<group>";
		};
		607FACF51AFB993E008FA782 /* Podspec Metadata */ = {
			isa = PBXGroup;
			children = (
				FC7EA7E51AB62E62AF190692 /* JKSwiftRefresh.podspec */,
				7A17C400E1919F666076E000 /* README.md */,
				7222078FD10DA6EBB3FB532C /* LICENSE */,
			);
			name = "Podspec Metadata";
			sourceTree = "<group>";
		};
		8466B90A259311ED001C4EED /* Base */ = {
			isa = PBXGroup;
			children = (
				8466B90B259311EE001C4EED /* BaseViewController.swift */,
				8466B946259325A0001C4EED /* BaseSingleViewController.swift */,
				8466B90C259311EE001C4EED /* BaseNavigationViewController.swift */,
			);
			path = Base;
			sourceTree = "<group>";
		};
		8466B91125931221001C4EED /* Home */ = {
			isa = PBXGroup;
			children = (
				8466B91425931229001C4EED /* Controller */,
				8466B91325931228001C4EED /* Model */,
				8466B91525931229001C4EED /* View */,
				8466B91225931228001C4EED /* ViewModel */,
			);
			path = Home;
			sourceTree = "<group>";
		};
		8466B91225931228001C4EED /* ViewModel */ = {
			isa = PBXGroup;
			children = (
			);
			path = ViewModel;
			sourceTree = "<group>";
		};
		8466B91325931228001C4EED /* Model */ = {
			isa = PBXGroup;
			children = (
			);
			path = Model;
			sourceTree = "<group>";
		};
		8466B91425931229001C4EED /* Controller */ = {
			isa = PBXGroup;
			children = (
				8466B91625931244001C4EED /* ViewController.swift */,
				8466B942259324D1001C4EED /* ViewController1.swift */,
				8466B94A25932CC3001C4EED /* ViewController2.swift */,
				8466B94E25932EA2001C4EED /* JKRefreshNormalHeaderViewController.swift */,
				8466B953259337C2001C4EED /* JKRefreshGifHeaderViewController.swift */,
				843CDA11259350A6002CA21B /* JKRefreshHeaderViewController.swift */,
				843CDA1925935C7F002CA21B /* ViewController6.swift */,
				843CDA1D25935F85002CA21B /* ViewController7.swift */,
				843CDA2125936013002CA21B /* JKRefreshAutoGifFooterViewController.swift */,
				847C73B725943220009F4AE0 /* JKRefreshAutoFooterViewController.swift */,
				847C73BB259434F6009F4AE0 /* JKRefreshBackFooterViewController.swift */,
				84179B102594610500DF52A8 /* JKRefreshBackGifFooterViewController.swift */,
				84179B2E2594789500DF52A8 /* JKHeaderAndFooterViewController.swift */,
			);
			path = Controller;
			sourceTree = "<group>";
		};
		8466B91525931229001C4EED /* View */ = {
			isa = PBXGroup;
			children = (
				843CDA15259351EF002CA21B /* JKRefreshHeader.swift */,
				84179B1E25946A5D00DF52A8 /* JKRefreshNormalHeader.swift */,
				84179B14259465C600DF52A8 /* JKRefreshGifHeader.swift */,
				84179B2425946CE400DF52A8 /* JKRefreshAutoGifFooter.swift */,
				847C73AB25942E13009F4AE0 /* JKRefreshAutoFooter.swift */,
				847C73BF259435BA009F4AE0 /* JKRefreshBackFooter.swift */,
				847C73B32594308C009F4AE0 /* JKRefreshBackGifFooter.swift */,
			);
			path = View;
			sourceTree = "<group>";
		};
		936A528CC3F3AD21E452A747 /* Pods */ = {
			isa = PBXGroup;
			children = (
				8B11123556B9A09317B45EEA /* Pods-JKSwiftRefresh_Example.debug.xcconfig */,
				059A3019435210619DDC7B0D /* Pods-JKSwiftRefresh_Example.release.xcconfig */,
				515CA44FDB7943C8EBBDDBC6 /* Pods-JKSwiftRefresh_Tests.debug.xcconfig */,
				403282D68AB0E0494816DB22 /* Pods-JKSwiftRefresh_Tests.release.xcconfig */,
			);
			path = Pods;
			sourceTree = "<group>";
		};
		BA1AE502300BCF1AA8E7FFC0 /* Frameworks */ = {
			isa = PBXGroup;
			children = (
				181CB2A5C3FC847580423389 /* Pods_JKSwiftRefresh_Example.framework */,
				3CF304497D8A47732EBA098E /* Pods_JKSwiftRefresh_Tests.framework */,
			);
			name = Frameworks;
			sourceTree = "<group>";
		};
/* End PBXGroup section */

/* Begin PBXNativeTarget section */
		607FACCF1AFB9204008FA782 /* JKSwiftRefresh_Example */ = {
			isa = PBXNativeTarget;
			buildConfigurationList = 607FACEF1AFB9204008FA782 /* Build configuration list for PBXNativeTarget "JKSwiftRefresh_Example" */;
			buildPhases = (
				5A4D86D2A910B4BB385DEADD /* [CP] Check Pods Manifest.lock */,
				607FACCC1AFB9204008FA782 /* Sources */,
				607FACCD1AFB9204008FA782 /* Frameworks */,
				607FACCE1AFB9204008FA782 /* Resources */,
				190591045DA46ED0DA631694 /* [CP] Embed Pods Frameworks */,
			);
			buildRules = (
			);
			dependencies = (
			);
			name = JKSwiftRefresh_Example;
			productName = JKSwiftRefresh;
			productReference = 607FACD01AFB9204008FA782 /* JKSwiftRefresh_Example.app */;
			productType = "com.apple.product-type.application";
		};
		607FACE41AFB9204008FA782 /* JKSwiftRefresh_Tests */ = {
			isa = PBXNativeTarget;
			buildConfigurationList = 607FACF21AFB9204008FA782 /* Build configuration list for PBXNativeTarget "JKSwiftRefresh_Tests" */;
			buildPhases = (
				D12CF547ED597435D6F9CCDD /* [CP] Check Pods Manifest.lock */,
				607FACE11AFB9204008FA782 /* Sources */,
				607FACE21AFB9204008FA782 /* Frameworks */,
				607FACE31AFB9204008FA782 /* Resources */,
			);
			buildRules = (
			);
			dependencies = (
				607FACE71AFB9204008FA782 /* PBXTargetDependency */,
			);
			name = JKSwiftRefresh_Tests;
			productName = Tests;
			productReference = 607FACE51AFB9204008FA782 /* JKSwiftRefresh_Tests.xctest */;
			productType = "com.apple.product-type.bundle.unit-test";
		};
/* End PBXNativeTarget section */

/* Begin PBXProject section */
		607FACC81AFB9204008FA782 /* Project object */ = {
			isa = PBXProject;
			attributes = {
				LastSwiftUpdateCheck = 0830;
				LastUpgradeCheck = 0830;
				ORGANIZATIONNAME = CocoaPods;
				TargetAttributes = {
					607FACCF1AFB9204008FA782 = {
						CreatedOnToolsVersion = 6.3.1;
						DevelopmentTeam = XXHJUP7YMQ;
						LastSwiftMigration = 1210;
						ProvisioningStyle = Automatic;
					};
					607FACE41AFB9204008FA782 = {
						CreatedOnToolsVersion = 6.3.1;
						DevelopmentTeam = XXHJUP7YMQ;
						LastSwiftMigration = 0900;
						TestTargetID = 607FACCF1AFB9204008FA782;
					};
				};
			};
			buildConfigurationList = 607FACCB1AFB9204008FA782 /* Build configuration list for PBXProject "JKSwiftRefresh" */;
			compatibilityVersion = "Xcode 3.2";
			developmentRegion = English;
			hasScannedForEncodings = 0;
			knownRegions = (
				English,
				en,
				Base,
			);
			mainGroup = 607FACC71AFB9204008FA782;
			productRefGroup = 607FACD11AFB9204008FA782 /* Products */;
			projectDirPath = "";
			projectRoot = "";
			targets = (
				607FACCF1AFB9204008FA782 /* JKSwiftRefresh_Example */,
				607FACE41AFB9204008FA782 /* JKSwiftRefresh_Tests */,
			);
		};
/* End PBXProject section */

/* Begin PBXResourcesBuildPhase section */
		607FACCE1AFB9204008FA782 /* Resources */ = {
			isa = PBXResourcesBuildPhase;
			buildActionMask = 2147483647;
			files = (
				607FACDB1AFB9204008FA782 /* Main.storyboard in Resources */,
				8466B93F25931F14001C4EED /* refresh.png in Resources */,
				607FACE01AFB9204008FA782 /* LaunchScreen.xib in Resources */,
				607FACDD1AFB9204008FA782 /* Images.xcassets in Resources */,
			);
			runOnlyForDeploymentPostprocessing = 0;
		};
		607FACE31AFB9204008FA782 /* Resources */ = {
			isa = PBXResourcesBuildPhase;
			buildActionMask = 2147483647;
			files = (
			);
			runOnlyForDeploymentPostprocessing = 0;
		};
/* End PBXResourcesBuildPhase section */

/* Begin PBXShellScriptBuildPhase section */
		190591045DA46ED0DA631694 /* [CP] Embed Pods Frameworks */ = {
			isa = PBXShellScriptBuildPhase;
			buildActionMask = 2147483647;
			files = (
			);
			inputPaths = (
				"${PODS_ROOT}/Target Support Files/Pods-JKSwiftRefresh_Example/Pods-JKSwiftRefresh_Example-frameworks.sh",
				"${BUILT_PRODUCTS_DIR}/JKSwiftExtension/JKSwiftExtension.framework",
				"${BUILT_PRODUCTS_DIR}/Kingfisher/Kingfisher.framework",
				"${BUILT_PRODUCTS_DIR}/KingfisherWebP/KingfisherWebP.framework",
				"${BUILT_PRODUCTS_DIR}/MJRefresh/MJRefresh.framework",
				"${BUILT_PRODUCTS_DIR}/SnapKit/SnapKit.framework",
				"${BUILT_PRODUCTS_DIR}/libwebp/libwebp.framework",
			);
			name = "[CP] Embed Pods Frameworks";
			outputPaths = (
				"${TARGET_BUILD_DIR}/${FRAMEWORKS_FOLDER_PATH}/JKSwiftExtension.framework",
				"${TARGET_BUILD_DIR}/${FRAMEWORKS_FOLDER_PATH}/Kingfisher.framework",
				"${TARGET_BUILD_DIR}/${FRAMEWORKS_FOLDER_PATH}/KingfisherWebP.framework",
				"${TARGET_BUILD_DIR}/${FRAMEWORKS_FOLDER_PATH}/MJRefresh.framework",
				"${TARGET_BUILD_DIR}/${FRAMEWORKS_FOLDER_PATH}/SnapKit.framework",
				"${TARGET_BUILD_DIR}/${FRAMEWORKS_FOLDER_PATH}/libwebp.framework",
			);
			runOnlyForDeploymentPostprocessing = 0;
			shellPath = /bin/sh;
			shellScript = "\"${PODS_ROOT}/Target Support Files/Pods-JKSwiftRefresh_Example/Pods-JKSwiftRefresh_Example-frameworks.sh\"\n";
			showEnvVarsInLog = 0;
		};
		5A4D86D2A910B4BB385DEADD /* [CP] Check Pods Manifest.lock */ = {
			isa = PBXShellScriptBuildPhase;
			buildActionMask = 2147483647;
			files = (
			);
			inputFileListPaths = (
			);
			inputPaths = (
				"${PODS_PODFILE_DIR_PATH}/Podfile.lock",
				"${PODS_ROOT}/Manifest.lock",
			);
			name = "[CP] Check Pods Manifest.lock";
			outputFileListPaths = (
			);
			outputPaths = (
				"$(DERIVED_FILE_DIR)/Pods-JKSwiftRefresh_Example-checkManifestLockResult.txt",
			);
			runOnlyForDeploymentPostprocessing = 0;
			shellPath = /bin/sh;
			shellScript = "diff \"${PODS_PODFILE_DIR_PATH}/Podfile.lock\" \"${PODS_ROOT}/Manifest.lock\" > /dev/null\nif [ $? != 0 ] ; then\n    # print error to STDERR\n    echo \"error: The sandbox is not in sync with the Podfile.lock. Run 'pod install' or update your CocoaPods installation.\" >&2\n    exit 1\nfi\n# This output is used by Xcode 'outputs' to avoid re-running this script phase.\necho \"SUCCESS\" > \"${SCRIPT_OUTPUT_FILE_0}\"\n";
			showEnvVarsInLog = 0;
		};
		D12CF547ED597435D6F9CCDD /* [CP] Check Pods Manifest.lock */ = {
			isa = PBXShellScriptBuildPhase;
			buildActionMask = 2147483647;
			files = (
			);
			inputFileListPaths = (
			);
			inputPaths = (
				"${PODS_PODFILE_DIR_PATH}/Podfile.lock",
				"${PODS_ROOT}/Manifest.lock",
			);
			name = "[CP] Check Pods Manifest.lock";
			outputFileListPaths = (
			);
			outputPaths = (
				"$(DERIVED_FILE_DIR)/Pods-JKSwiftRefresh_Tests-checkManifestLockResult.txt",
			);
			runOnlyForDeploymentPostprocessing = 0;
			shellPath = /bin/sh;
			shellScript = "diff \"${PODS_PODFILE_DIR_PATH}/Podfile.lock\" \"${PODS_ROOT}/Manifest.lock\" > /dev/null\nif [ $? != 0 ] ; then\n    # print error to STDERR\n    echo \"error: The sandbox is not in sync with the Podfile.lock. Run 'pod install' or update your CocoaPods installation.\" >&2\n    exit 1\nfi\n# This output is used by Xcode 'outputs' to avoid re-running this script phase.\necho \"SUCCESS\" > \"${SCRIPT_OUTPUT_FILE_0}\"\n";
			showEnvVarsInLog = 0;
		};
/* End PBXShellScriptBuildPhase section */

/* Begin PBXSourcesBuildPhase section */
		607FACCC1AFB9204008FA782 /* Sources */ = {
			isa = PBXSourcesBuildPhase;
			buildActionMask = 2147483647;
			files = (
				847C73C0259435BA009F4AE0 /* JKRefreshBackFooter.swift in Sources */,
				84179B2525946CE400DF52A8 /* JKRefreshAutoGifFooter.swift in Sources */,
				8466B94B25932CC3001C4EED /* ViewController2.swift in Sources */,
				607FACD61AFB9204008FA782 /* AppDelegate.swift in Sources */,
				847C73B825943220009F4AE0 /* JKRefreshAutoFooterViewController.swift in Sources */,
				8466B94F25932EA2001C4EED /* JKRefreshNormalHeaderViewController.swift in Sources */,
				843CDA2225936013002CA21B /* JKRefreshAutoGifFooterViewController.swift in Sources */,
				84179B2F2594789500DF52A8 /* JKHeaderAndFooterViewController.swift in Sources */,
				8466B943259324D1001C4EED /* ViewController1.swift in Sources */,
				847C73AC25942E13009F4AE0 /* JKRefreshAutoFooter.swift in Sources */,
				84179B1F25946A5D00DF52A8 /* JKRefreshNormalHeader.swift in Sources */,
				843CDA16259351EF002CA21B /* JKRefreshHeader.swift in Sources */,
				843CDA12259350A6002CA21B /* JKRefreshHeaderViewController.swift in Sources */,
				8466B954259337C2001C4EED /* JKRefreshGifHeaderViewController.swift in Sources */,
				8466B90D259311EE001C4EED /* BaseViewController.swift in Sources */,
				84179B112594610500DF52A8 /* JKRefreshBackGifFooterViewController.swift in Sources */,
				84179B15259465C600DF52A8 /* JKRefreshGifHeader.swift in Sources */,
				8466B91725931244001C4EED /* ViewController.swift in Sources */,
				843CDA1A25935C80002CA21B /* ViewController6.swift in Sources */,
				8466B90E259311EE001C4EED /* BaseNavigationViewController.swift in Sources */,
				843CDA1E25935F85002CA21B /* ViewController7.swift in Sources */,
				847C73BC259434F6009F4AE0 /* JKRefreshBackFooterViewController.swift in Sources */,
				847C73B42594308C009F4AE0 /* JKRefreshBackGifFooter.swift in Sources */,
				8466B947259325A0001C4EED /* BaseSingleViewController.swift in Sources */,
			);
			runOnlyForDeploymentPostprocessing = 0;
		};
		607FACE11AFB9204008FA782 /* Sources */ = {
			isa = PBXSourcesBuildPhase;
			buildActionMask = 2147483647;
			files = (
				607FACEC1AFB9204008FA782 /* Tests.swift in Sources */,
			);
			runOnlyForDeploymentPostprocessing = 0;
		};
/* End PBXSourcesBuildPhase section */

/* Begin PBXTargetDependency section */
		607FACE71AFB9204008FA782 /* PBXTargetDependency */ = {
			isa = PBXTargetDependency;
			target = 607FACCF1AFB9204008FA782 /* JKSwiftRefresh_Example */;
			targetProxy = 607FACE61AFB9204008FA782 /* PBXContainerItemProxy */;
		};
/* End PBXTargetDependency section */

/* Begin PBXVariantGroup section */
		607FACD91AFB9204008FA782 /* Main.storyboard */ = {
			isa = PBXVariantGroup;
			children = (
				607FACDA1AFB9204008FA782 /* Base */,
			);
			name = Main.storyboard;
			sourceTree = "<group>";
		};
		607FACDE1AFB9204008FA782 /* LaunchScreen.xib */ = {
			isa = PBXVariantGroup;
			children = (
				607FACDF1AFB9204008FA782 /* Base */,
			);
			name = LaunchScreen.xib;
			sourceTree = "<group>";
		};
/* End PBXVariantGroup section */

/* Begin XCBuildConfiguration section */
		607FACED1AFB9204008FA782 /* Debug */ = {
			isa = XCBuildConfiguration;
			buildSettings = {
				ALWAYS_SEARCH_USER_PATHS = NO;
				CLANG_CXX_LANGUAGE_STANDARD = "gnu++0x";
				CLANG_CXX_LIBRARY = "libc++";
				CLANG_ENABLE_MODULES = YES;
				CLANG_ENABLE_OBJC_ARC = YES;
				CLANG_WARN_BLOCK_CAPTURE_AUTORELEASING = YES;
				CLANG_WARN_BOOL_CONVERSION = YES;
				CLANG_WARN_COMMA = YES;
				CLANG_WARN_CONSTANT_CONVERSION = YES;
				CLANG_WARN_DIRECT_OBJC_ISA_USAGE = YES_ERROR;
				CLANG_WARN_EMPTY_BODY = YES;
				CLANG_WARN_ENUM_CONVERSION = YES;
				CLANG_WARN_INFINITE_RECURSION = YES;
				CLANG_WARN_INT_CONVERSION = YES;
				CLANG_WARN_NON_LITERAL_NULL_CONVERSION = YES;
				CLANG_WARN_OBJC_LITERAL_CONVERSION = YES;
				CLANG_WARN_OBJC_ROOT_CLASS = YES_ERROR;
				CLANG_WARN_RANGE_LOOP_ANALYSIS = YES;
				CLANG_WARN_STRICT_PROTOTYPES = YES;
				CLANG_WARN_SUSPICIOUS_MOVE = YES;
				CLANG_WARN_UNREACHABLE_CODE = YES;
				CLANG_WARN__DUPLICATE_METHOD_MATCH = YES;
				"CODE_SIGN_IDENTITY[sdk=iphoneos*]" = "iPhone Developer";
				COPY_PHASE_STRIP = NO;
				DEBUG_INFORMATION_FORMAT = "dwarf-with-dsym";
				ENABLE_STRICT_OBJC_MSGSEND = YES;
				ENABLE_TESTABILITY = YES;
				GCC_C_LANGUAGE_STANDARD = gnu99;
				GCC_DYNAMIC_NO_PIC = NO;
				GCC_NO_COMMON_BLOCKS = YES;
				GCC_OPTIMIZATION_LEVEL = 0;
				GCC_PREPROCESSOR_DEFINITIONS = (
					"DEBUG=1",
					"$(inherited)",
				);
				GCC_SYMBOLS_PRIVATE_EXTERN = NO;
				GCC_WARN_64_TO_32_BIT_CONVERSION = YES;
				GCC_WARN_ABOUT_RETURN_TYPE = YES_ERROR;
				GCC_WARN_UNDECLARED_SELECTOR = YES;
				GCC_WARN_UNINITIALIZED_AUTOS = YES_AGGRESSIVE;
				GCC_WARN_UNUSED_FUNCTION = YES;
				GCC_WARN_UNUSED_VARIABLE = YES;
				IPHONEOS_DEPLOYMENT_TARGET = 9.3;
				MTL_ENABLE_DEBUG_INFO = YES;
				ONLY_ACTIVE_ARCH = YES;
				SDKROOT = iphoneos;
				SWIFT_OPTIMIZATION_LEVEL = "-Onone";
			};
			name = Debug;
		};
		607FACEE1AFB9204008FA782 /* Release */ = {
			isa = XCBuildConfiguration;
			buildSettings = {
				ALWAYS_SEARCH_USER_PATHS = NO;
				CLANG_CXX_LANGUAGE_STANDARD = "gnu++0x";
				CLANG_CXX_LIBRARY = "libc++";
				CLANG_ENABLE_MODULES = YES;
				CLANG_ENABLE_OBJC_ARC = YES;
				CLANG_WARN_BLOCK_CAPTURE_AUTORELEASING = YES;
				CLANG_WARN_BOOL_CONVERSION = YES;
				CLANG_WARN_COMMA = YES;
				CLANG_WARN_CONSTANT_CONVERSION = YES;
				CLANG_WARN_DIRECT_OBJC_ISA_USAGE = YES_ERROR;
				CLANG_WARN_EMPTY_BODY = YES;
				CLANG_WARN_ENUM_CONVERSION = YES;
				CLANG_WARN_INFINITE_RECURSION = YES;
				CLANG_WARN_INT_CONVERSION = YES;
				CLANG_WARN_NON_LITERAL_NULL_CONVERSION = YES;
				CLANG_WARN_OBJC_LITERAL_CONVERSION = YES;
				CLANG_WARN_OBJC_ROOT_CLASS = YES_ERROR;
				CLANG_WARN_RANGE_LOOP_ANALYSIS = YES;
				CLANG_WARN_STRICT_PROTOTYPES = YES;
				CLANG_WARN_SUSPICIOUS_MOVE = YES;
				CLANG_WARN_UNREACHABLE_CODE = YES;
				CLANG_WARN__DUPLICATE_METHOD_MATCH = YES;
				"CODE_SIGN_IDENTITY[sdk=iphoneos*]" = "iPhone Developer";
				COPY_PHASE_STRIP = NO;
				DEBUG_INFORMATION_FORMAT = "dwarf-with-dsym";
				ENABLE_NS_ASSERTIONS = NO;
				ENABLE_STRICT_OBJC_MSGSEND = YES;
				GCC_C_LANGUAGE_STANDARD = gnu99;
				GCC_NO_COMMON_BLOCKS = YES;
				GCC_WARN_64_TO_32_BIT_CONVERSION = YES;
				GCC_WARN_ABOUT_RETURN_TYPE = YES_ERROR;
				GCC_WARN_UNDECLARED_SELECTOR = YES;
				GCC_WARN_UNINITIALIZED_AUTOS = YES_AGGRESSIVE;
				GCC_WARN_UNUSED_FUNCTION = YES;
				GCC_WARN_UNUSED_VARIABLE = YES;
				IPHONEOS_DEPLOYMENT_TARGET = 9.3;
				MTL_ENABLE_DEBUG_INFO = NO;
				SDKROOT = iphoneos;
				SWIFT_OPTIMIZATION_LEVEL = "-Owholemodule";
				VALIDATE_PRODUCT = YES;
			};
			name = Release;
		};
		607FACF01AFB9204008FA782 /* Debug */ = {
			isa = XCBuildConfiguration;
			baseConfigurationReference = 8B11123556B9A09317B45EEA /* Pods-JKSwiftRefresh_Example.debug.xcconfig */;
			buildSettings = {
				ASSETCATALOG_COMPILER_APPICON_NAME = AppIcon;
				CLANG_ENABLE_MODULES = YES;
				CODE_SIGN_IDENTITY = "Apple Development";
				CODE_SIGN_STYLE = Automatic;
				DEVELOPMENT_TEAM = XXHJUP7YMQ;
				INFOPLIST_FILE = JKSwiftRefresh/Info.plist;
				LD_RUNPATH_SEARCH_PATHS = "$(inherited) @executable_path/Frameworks";
				MODULE_NAME = ExampleApp;
				PRODUCT_BUNDLE_IDENTIFIER = com.cocoapod.JKSwiftRefresh;
				PRODUCT_NAME = "$(TARGET_NAME)";
				PROVISIONING_PROFILE_SPECIFIER = "";
				SWIFT_OBJC_BRIDGING_HEADER = "JKSwiftRefresh/JKSwiftRefresh_Example-Bridging-Header.h";
				SWIFT_OPTIMIZATION_LEVEL = "-Onone";
				SWIFT_SWIFT3_OBJC_INFERENCE = Default;
				SWIFT_VERSION = 4.0;
			};
			name = Debug;
		};
		607FACF11AFB9204008FA782 /* Release */ = {
			isa = XCBuildConfiguration;
			baseConfigurationReference = 059A3019435210619DDC7B0D /* Pods-JKSwiftRefresh_Example.release.xcconfig */;
			buildSettings = {
				ASSETCATALOG_COMPILER_APPICON_NAME = AppIcon;
				CLANG_ENABLE_MODULES = YES;
				CODE_SIGN_IDENTITY = "Apple Development";
				CODE_SIGN_STYLE = Automatic;
				DEVELOPMENT_TEAM = XXHJUP7YMQ;
				INFOPLIST_FILE = JKSwiftRefresh/Info.plist;
				LD_RUNPATH_SEARCH_PATHS = "$(inherited) @executable_path/Frameworks";
				MODULE_NAME = ExampleApp;
				PRODUCT_BUNDLE_IDENTIFIER = com.cocoapod.JKSwiftRefresh;
				PRODUCT_NAME = "$(TARGET_NAME)";
				PROVISIONING_PROFILE_SPECIFIER = "";
				SWIFT_OBJC_BRIDGING_HEADER = "JKSwiftRefresh/JKSwiftRefresh_Example-Bridging-Header.h";
				SWIFT_SWIFT3_OBJC_INFERENCE = Default;
				SWIFT_VERSION = 4.0;
			};
			name = Release;
		};
		607FACF31AFB9204008FA782 /* Debug */ = {
			isa = XCBuildConfiguration;
			baseConfigurationReference = 515CA44FDB7943C8EBBDDBC6 /* Pods-JKSwiftRefresh_Tests.debug.xcconfig */;
			buildSettings = {
				DEVELOPMENT_TEAM = XXHJUP7YMQ;
				FRAMEWORK_SEARCH_PATHS = (
					"$(PLATFORM_DIR)/Developer/Library/Frameworks",
					"$(inherited)",
				);
				GCC_PREPROCESSOR_DEFINITIONS = (
					"DEBUG=1",
					"$(inherited)",
				);
				INFOPLIST_FILE = Tests/Info.plist;
				LD_RUNPATH_SEARCH_PATHS = "$(inherited) @executable_path/Frameworks @loader_path/Frameworks";
				PRODUCT_BUNDLE_IDENTIFIER = "org.cocoapods.$(PRODUCT_NAME:rfc1034identifier)";
				PRODUCT_NAME = "$(TARGET_NAME)";
				SWIFT_SWIFT3_OBJC_INFERENCE = Default;
				SWIFT_VERSION = 4.0;
				TEST_HOST = "$(BUILT_PRODUCTS_DIR)/JKSwiftRefresh_Example.app/JKSwiftRefresh_Example";
			};
			name = Debug;
		};
		607FACF41AFB9204008FA782 /* Release */ = {
			isa = XCBuildConfiguration;
			baseConfigurationReference = 403282D68AB0E0494816DB22 /* Pods-JKSwiftRefresh_Tests.release.xcconfig */;
			buildSettings = {
				DEVELOPMENT_TEAM = XXHJUP7YMQ;
				FRAMEWORK_SEARCH_PATHS = (
					"$(PLATFORM_DIR)/Developer/Library/Frameworks",
					"$(inherited)",
				);
				INFOPLIST_FILE = Tests/Info.plist;
				LD_RUNPATH_SEARCH_PATHS = "$(inherited) @executable_path/Frameworks @loader_path/Frameworks";
				PRODUCT_BUNDLE_IDENTIFIER = "org.cocoapods.$(PRODUCT_NAME:rfc1034identifier)";
				PRODUCT_NAME = "$(TARGET_NAME)";
				SWIFT_SWIFT3_OBJC_INFERENCE = Default;
				SWIFT_VERSION = 4.0;
				TEST_HOST = "$(BUILT_PRODUCTS_DIR)/JKSwiftRefresh_Example.app/JKSwiftRefresh_Example";
			};
			name = Release;
		};
/* End XCBuildConfiguration section */

/* Begin XCConfigurationList section */
		607FACCB1AFB9204008FA782 /* Build configuration list for PBXProject "JKSwiftRefresh" */ = {
			isa = XCConfigurationList;
			buildConfigurations = (
				607FACED1AFB9204008FA782 /* Debug */,
				607FACEE1AFB9204008FA782 /* Release */,
			);
			defaultConfigurationIsVisible = 0;
			defaultConfigurationName = Release;
		};
		607FACEF1AFB9204008FA782 /* Build configuration list for PBXNativeTarget "JKSwiftRefresh_Example" */ = {
			isa = XCConfigurationList;
			buildConfigurations = (
				607FACF01AFB9204008FA782 /* Debug */,
				607FACF11AFB9204008FA782 /* Release */,
			);
			defaultConfigurationIsVisible = 0;
			defaultConfigurationName = Release;
		};
		607FACF21AFB9204008FA782 /* Build configuration list for PBXNativeTarget "JKSwiftRefresh_Tests" */ = {
			isa = XCConfigurationList;
			buildConfigurations = (
				607FACF31AFB9204008FA782 /* Debug */,
				607FACF41AFB9204008FA782 /* Release */,
			);
			defaultConfigurationIsVisible = 0;
			defaultConfigurationName = Release;
		};
/* End XCConfigurationList section */
	};
	rootObject = 607FACC81AFB9204008FA782 /* Project object */;
}
